
Microsoft Visual Studio Solution File, Format Version 12.00
# Visual Studio 15
VisualStudioVersion = 15.0.28307.421
MinimumVisualStudioVersion = 10.0.40219.1
Project("{00D1A9C2-B5F0-4AF3-8072-F6C62B433612}") = "AzureDevOps-Fa-Snapshot-Ci-Pipeline", "AzureDevOps-Fa-Snapshot-Ci-Pipeline\AzureDevOps-Fa-Snapshot-Ci-Pipeline.sqlproj", "{9790A538-B578-4E3D-BA7E-DE20F4BB8D08}"
EndProject
Global
	GlobalSection(SolutionConfigurationPlatforms) = preSolution
		Debug|Any CPU = Debug|Any CPU
		Release|Any CPU = Release|Any CPU
	EndGlobalSection
	GlobalSection(ProjectConfigurationPlatforms) = postSolution
		{9790A538-B578-4E3D-BA7E-DE20F4BB8D08}.Debug|Any CPU.ActiveCfg = Debug|Any CPU
		{9790A538-B578-4E3D-BA7E-DE20F4BB8D08}.Debug|Any CPU.Build.0 = Debug|Any CPU
		{9790A538-B578-4E3D-BA7E-DE20F4BB8D08}.Debug|Any CPU.Deploy.0 = Debug|Any CPU
		{9790A538-B578-4E3D-BA7E-DE20F4BB8D08}.Release|Any CPU.ActiveCfg = Release|Any CPU
		{9790A538-B578-4E3D-BA7E-DE20F4BB8D08}.Release|Any CPU.Build.0 = Release|Any CPU
		{9790A538-B578-4E3D-BA7E-DE20F4BB8D08}.Release|Any CPU.Deploy.0 = Release|Any CPU
	EndGlobalSection
	GlobalSection(SolutionProperties) = preSolution
		HideSolutionNode = FALSE
	EndGlobalSection
	GlobalSection(ExtensibilityGlobals) = postSolution
		SolutionGuid = {894F8F96-3503-4ACF-9DE9-957B2A750792}
	EndGlobalSection
EndGlobal
